
Microsoft Visual Studio Solution File, Format Version 12.00
# Visual Studio Version 16
VisualStudioVersion = 16.0.29123.88
MinimumVisualStudioVersion = 10.0.40219.1
Project("{FAE04EC0-301F-11D3-BF4B-00C04F79EFBC}") = "Bank", "Bank.csproj", "{53F230D1-C1CE-4E15-8BC8-691FF39B2155}"
EndProject
Project("{FAE04EC0-301F-11D3-BF4B-00C04F79EFBC}") = "BankUI", "..\BankUI\BankUI.csproj", "{41C0D324-A4DF-4D51-8726-12A82E8607AA}"
EndProject
Global
	GlobalSection(SolutionConfigurationPlatforms) = preSolution
		Debug|Any CPU = Debug|Any CPU
		Release|Any CPU = Release|Any CPU
	EndGlobalSection
	GlobalSection(ProjectConfigurationPlatforms) = postSolution
		{53F230D1-C1CE-4E15-8BC8-691FF39B2155}.Debug|Any CPU.ActiveCfg = Debug|Any CPU
		{53F230D1-C1CE-4E15-8BC8-691FF39B2155}.Debug|Any CPU.Build.0 = Debug|Any CPU
		{53F230D1-C1CE-4E15-8BC8-691FF39B2155}.Release|Any CPU.ActiveCfg = Release|Any CPU
		{53F230D1-C1CE-4E15-8BC8-691FF39B2155}.Release|Any CPU.Build.0 = Release|Any CPU
		{41C0D324-A4DF-4D51-8726-12A82E8607AA}.Debug|Any CPU.ActiveCfg = Debug|Any CPU
		{41C0D324-A4DF-4D51-8726-12A82E8607AA}.Debug|Any CPU.Build.0 = Debug|Any CPU
		{41C0D324-A4DF-4D51-8726-12A82E8607AA}.Release|Any CPU.ActiveCfg = Release|Any CPU
		{41C0D324-A4DF-4D51-8726-12A82E8607AA}.Release|Any CPU.Build.0 = Release|Any CPU
	EndGlobalSection
	GlobalSection(SolutionProperties) = preSolution
		HideSolutionNode = FALSE
	EndGlobalSection
	GlobalSection(ExtensibilityGlobals) = postSolution
		SolutionGuid = {8487F903-45E5-4409-AB44-E140A13C23A6}
	EndGlobalSection
EndGlobal
